{
  "name": "oxide-string-ids",
  "version": "1.0.0",
  "lockfileVersion": 2,
  "requires": true,
  "packages": {
    "": {
      "name": "oxide-string-ids",
      "version": "1.0.0",
      "license": "ISC",
      "dependencies": {
        "hash-jenkins": "1.0.1"
      }
    },
    "node_modules/hash-jenkins": {
      "version": "1.0.1",
      "resolved": "https://registry.npmjs.org/hash-jenkins/-/hash-jenkins-1.0.1.tgz",
      "integrity": "sha512-23jW8vDah6Zk0ZWRXcC95WGcehUugECuR+oPwJijvXp0Zhb5XesIpYqjBAus/XB/A/Rqvp6bY+rwYHSl05X5bA=="
    }
  },
  "dependencies": {
    "hash-jenkins": {
      "version": "1.0.1",
      "resolved": "https://registry.npmjs.org/hash-jenkins/-/hash-jenkins-1.0.1.tgz",
      "integrity": "sha512-23jW8vDah6Zk0ZWRXcC95WGcehUugECuR+oPwJijvXp0Zhb5XesIpYqjBAus/XB/A/Rqvp6bY+rwYHSl05X5bA=="
    }
  }
}
